// !$*UTF8*$!
{
	archiveVersion = 1;
	classes = {
	};
	objectVersion = 55;
	objects = {

/* Begin PBXBuildFile section */
		7C3327C6284C7D8100C74B3A /* MoodEntry.swift in Sources */ = {isa = PBXBuildFile; fileRef = 7C3327C5284C7D8100C74B3A /* MoodEntry.swift */; };
		7C3327C8284C81EB00C74B3A /* Mood.swift in Sources */ = {isa = PBXBuildFile; fileRef = 7C3327C7284C81EB00C74B3A /* Mood.swift */; };
		7C3327CE284C8D7600C74B3A /* UIColor.swift in Sources */ = {isa = PBXBuildFile; fileRef = 7C3327CD284C8D7600C74B3A /* UIColor.swift */; };
		7C3327D0284C8E0300C74B3A /* UIImage.swift in Sources */ = {isa = PBXBuildFile; fileRef = 7C3327CF284C8E0300C74B3A /* UIImage.swift */; };
		7C3327D2284CA50A00C74B3A /* MoodDetailedViewController.swift in Sources */ = {isa = PBXBuildFile; fileRef = 7C3327D1284CA50A00C74B3A /* MoodDetailedViewController.swift */; };
		7C3327D6284D13A400C74B3A /* MoodEntryTableViewCell.swift in Sources */ = {isa = PBXBuildFile; fileRef = 7C3327D5284D13A400C74B3A /* MoodEntryTableViewCell.swift */; };
		7C3327D8284D1E5200C74B3A /* DateString.swift in Sources */ = {isa = PBXBuildFile; fileRef = 7C3327D7284D1E5200C74B3A /* DateString.swift */; };
		CA1BA95A284042C8001E112D /* AppDelegate.swift in Sources */ = {isa = PBXBuildFile; fileRef = CA1BA959284042C8001E112D /* AppDelegate.swift */; };
		CA1BA95C284042C8001E112D /* SceneDelegate.swift in Sources */ = {isa = PBXBuildFile; fileRef = CA1BA95B284042C8001E112D /* SceneDelegate.swift */; };
		CA1BA961284042C8001E112D /* Main.storyboard in Resources */ = {isa = PBXBuildFile; fileRef = CA1BA95F284042C8001E112D /* Main.storyboard */; };
		CA1BA963284042CD001E112D /* Assets.xcassets in Resources */ = {isa = PBXBuildFile; fileRef = CA1BA962284042CD001E112D /* Assets.xcassets */; };
		CA1BA966284042CD001E112D /* LaunchScreen.storyboard in Resources */ = {isa = PBXBuildFile; fileRef = CA1BA964284042CD001E112D /* LaunchScreen.storyboard */; };
		CACC94ED284484DE000590FB /* MoodViewController.swift in Sources */ = {isa = PBXBuildFile; fileRef = CACC94EC284484DE000590FB /* MoodViewController.swift */; };
		CACC94EF2844851C000590FB /* MeditateViewController.swift in Sources */ = {isa = PBXBuildFile; fileRef = CACC94EE2844851C000590FB /* MeditateViewController.swift */; };
		CACC94F128448557000590FB /* HistoryViewController.swift in Sources */ = {isa = PBXBuildFile; fileRef = CACC94F028448557000590FB /* HistoryViewController.swift */; };
		DBB76A9D284717AD007DBA06 /* CalendarCell.swift in Sources */ = {isa = PBXBuildFile; fileRef = DBB76A9C284717AD007DBA06 /* CalendarCell.swift */; };
		DBB76A9F28471C96007DBA06 /* CalendarHelper.swift in Sources */ = {isa = PBXBuildFile; fileRef = DBB76A9E28471C96007DBA06 /* CalendarHelper.swift */; };
		DBB76AA12847A98C007DBA06 /* DayViewController.swift in Sources */ = {isa = PBXBuildFile; fileRef = DBB76AA02847A98C007DBA06 /* DayViewController.swift */; };
/* End PBXBuildFile section */

/* Begin PBXFileReference section */
		7C3327C5284C7D8100C74B3A /* MoodEntry.swift */ = {isa = PBXFileReference; lastKnownFileType = sourcecode.swift; path = MoodEntry.swift; sourceTree = "<group>"; };
		7C3327C7284C81EB00C74B3A /* Mood.swift */ = {isa = PBXFileReference; lastKnownFileType = sourcecode.swift; path = Mood.swift; sourceTree = "<group>"; };
		7C3327CD284C8D7600C74B3A /* UIColor.swift */ = {isa = PBXFileReference; lastKnownFileType = sourcecode.swift; path = UIColor.swift; sourceTree = "<group>"; };
		7C3327CF284C8E0300C74B3A /* UIImage.swift */ = {isa = PBXFileReference; lastKnownFileType = sourcecode.swift; path = UIImage.swift; sourceTree = "<group>"; };
		7C3327D1284CA50A00C74B3A /* MoodDetailedViewController.swift */ = {isa = PBXFileReference; lastKnownFileType = sourcecode.swift; path = MoodDetailedViewController.swift; sourceTree = "<group>"; };
		7C3327D5284D13A400C74B3A /* MoodEntryTableViewCell.swift */ = {isa = PBXFileReference; lastKnownFileType = sourcecode.swift; path = MoodEntryTableViewCell.swift; sourceTree = "<group>"; };
		7C3327D7284D1E5200C74B3A /* DateString.swift */ = {isa = PBXFileReference; lastKnownFileType = sourcecode.swift; path = DateString.swift; sourceTree = "<group>"; };
		CA1BA956284042C8001E112D /* zoneApp.app */ = {isa = PBXFileReference; explicitFileType = wrapper.application; includeInIndex = 0; path = zoneApp.app; sourceTree = BUILT_PRODUCTS_DIR; };
		CA1BA959284042C8001E112D /* AppDelegate.swift */ = {isa = PBXFileReference; lastKnownFileType = sourcecode.swift; path = AppDelegate.swift; sourceTree = "<group>"; };
		CA1BA95B284042C8001E112D /* SceneDelegate.swift */ = {isa = PBXFileReference; lastKnownFileType = sourcecode.swift; path = SceneDelegate.swift; sourceTree = "<group>"; };
		CA1BA960284042C8001E112D /* Base */ = {isa = PBXFileReference; lastKnownFileType = file.storyboard; name = Base; path = Base.lproj/Main.storyboard; sourceTree = "<group>"; };
		CA1BA962284042CD001E112D /* Assets.xcassets */ = {isa = PBXFileReference; lastKnownFileType = folder.assetcatalog; path = Assets.xcassets; sourceTree = "<group>"; };
		CA1BA965284042CD001E112D /* Base */ = {isa = PBXFileReference; lastKnownFileType = file.storyboard; name = Base; path = Base.lproj/LaunchScreen.storyboard; sourceTree = "<group>"; };
		CA1BA967284042CD001E112D /* Info.plist */ = {isa = PBXFileReference; lastKnownFileType = text.plist.xml; path = Info.plist; sourceTree = "<group>"; };
		CACC94EC284484DE000590FB /* MoodViewController.swift */ = {isa = PBXFileReference; lastKnownFileType = sourcecode.swift; path = MoodViewController.swift; sourceTree = "<group>"; };
		CACC94EE2844851C000590FB /* MeditateViewController.swift */ = {isa = PBXFileReference; lastKnownFileType = sourcecode.swift; path = MeditateViewController.swift; sourceTree = "<group>"; };
		CACC94F028448557000590FB /* HistoryViewController.swift */ = {isa = PBXFileReference; lastKnownFileType = sourcecode.swift; path = HistoryViewController.swift; sourceTree = "<group>"; };
		DBB76A9C284717AD007DBA06 /* CalendarCell.swift */ = {isa = PBXFileReference; lastKnownFileType = sourcecode.swift; path = CalendarCell.swift; sourceTree = "<group>"; };
		DBB76A9E28471C96007DBA06 /* CalendarHelper.swift */ = {isa = PBXFileReference; lastKnownFileType = sourcecode.swift; path = CalendarHelper.swift; sourceTree = "<group>"; };
		DBB76AA02847A98C007DBA06 /* DayViewController.swift */ = {isa = PBXFileReference; lastKnownFileType = sourcecode.swift; path = DayViewController.swift; sourceTree = "<group>"; };
/* End PBXFileReference section */

/* Begin PBXFrameworksBuildPhase section */
		CA1BA953284042C8001E112D /* Frameworks */ = {
			isa = PBXFrameworksBuildPhase;
			buildActionMask = 2147483647;
			files = (
			);
			runOnlyForDeploymentPostprocessing = 0;
		};
/* End PBXFrameworksBuildPhase section */

/* Begin PBXGroup section */
		7C3327C9284C8C5200C74B3A /* Extensions */ = {
			isa = PBXGroup;
			children = (
				7C3327C7284C81EB00C74B3A /* Mood.swift */,
				7C3327CD284C8D7600C74B3A /* UIColor.swift */,
				7C3327CF284C8E0300C74B3A /* UIImage.swift */,
				7C3327D7284D1E5200C74B3A /* DateString.swift */,
			);
			path = Extensions;
			sourceTree = "<group>";
		};
		7C3327CB284C8C9F00C74B3A /* Models */ = {
			isa = PBXGroup;
			children = (
				7C3327C5284C7D8100C74B3A /* MoodEntry.swift */,
			);
			path = Models;
			sourceTree = "<group>";
		};
		7C3327CC284C8CCF00C74B3A /* View Controllers */ = {
			isa = PBXGroup;
			children = (
				7C3327D5284D13A400C74B3A /* MoodEntryTableViewCell.swift */,
				7C3327D1284CA50A00C74B3A /* MoodDetailedViewController.swift */,
				CACC94EC284484DE000590FB /* MoodViewController.swift */,
			);
			path = "View Controllers";
			sourceTree = "<group>";
		};
		CA1BA94D284042C8001E112D = {
			isa = PBXGroup;
			children = (
				CA1BA958284042C8001E112D /* zoneApp */,
				CA1BA957284042C8001E112D /* Products */,
			);
			sourceTree = "<group>";
		};
		CA1BA957284042C8001E112D /* Products */ = {
			isa = PBXGroup;
			children = (
				CA1BA956284042C8001E112D /* zoneApp.app */,
			);
			name = Products;
			sourceTree = "<group>";
		};
		CA1BA958284042C8001E112D /* zoneApp */ = {
			isa = PBXGroup;
			children = (
				7C3327CB284C8C9F00C74B3A /* Models */,
				7C3327C9284C8C5200C74B3A /* Extensions */,
				7C3327CC284C8CCF00C74B3A /* View Controllers */,
				CA1BA959284042C8001E112D /* AppDelegate.swift */,
				CA1BA95B284042C8001E112D /* SceneDelegate.swift */,
				CA1BA95F284042C8001E112D /* Main.storyboard */,
				DBB76A9E28471C96007DBA06 /* CalendarHelper.swift */,
				DBB76A9C284717AD007DBA06 /* CalendarCell.swift */,
				CA1BA962284042CD001E112D /* Assets.xcassets */,
				CA1BA964284042CD001E112D /* LaunchScreen.storyboard */,
				CA1BA967284042CD001E112D /* Info.plist */,
				CACC94EE2844851C000590FB /* MeditateViewController.swift */,
				CACC94F028448557000590FB /* HistoryViewController.swift */,
				DBB76AA02847A98C007DBA06 /* DayViewController.swift */,
			);
			path = zoneApp;
			sourceTree = "<group>";
		};
/* End PBXGroup section */

/* Begin PBXNativeTarget section */
		CA1BA955284042C8001E112D /* zoneApp */ = {
			isa = PBXNativeTarget;
			buildConfigurationList = CA1BA96A284042CD001E112D /* Build configuration list for PBXNativeTarget "zoneApp" */;
			buildPhases = (
				CA1BA952284042C8001E112D /* Sources */,
				CA1BA953284042C8001E112D /* Frameworks */,
				CA1BA954284042C8001E112D /* Resources */,
			);
			buildRules = (
			);
			dependencies = (
			);
			name = zoneApp;
			productName = zoneApp;
			productReference = CA1BA956284042C8001E112D /* zoneApp.app */;
			productType = "com.apple.product-type.application";
		};
/* End PBXNativeTarget section */

/* Begin PBXProject section */
		CA1BA94E284042C8001E112D /* Project object */ = {
			isa = PBXProject;
			attributes = {
				BuildIndependentTargetsInParallel = 1;
				LastSwiftUpdateCheck = 1340;
				LastUpgradeCheck = 1340;
				TargetAttributes = {
					CA1BA955284042C8001E112D = {
						CreatedOnToolsVersion = 13.4;
					};
				};
			};
			buildConfigurationList = CA1BA951284042C8001E112D /* Build configuration list for PBXProject "zoneApp" */;
			compatibilityVersion = "Xcode 13.0";
			developmentRegion = en;
			hasScannedForEncodings = 0;
			knownRegions = (
				en,
				Base,
			);
			mainGroup = CA1BA94D284042C8001E112D;
			productRefGroup = CA1BA957284042C8001E112D /* Products */;
			projectDirPath = "";
			projectRoot = "";
			targets = (
				CA1BA955284042C8001E112D /* zoneApp */,
			);
		};
/* End PBXProject section */

/* Begin PBXResourcesBuildPhase section */
		CA1BA954284042C8001E112D /* Resources */ = {
			isa = PBXResourcesBuildPhase;
			buildActionMask = 2147483647;
			files = (
				CA1BA966284042CD001E112D /* LaunchScreen.storyboard in Resources */,
				CA1BA963284042CD001E112D /* Assets.xcassets in Resources */,
				CA1BA961284042C8001E112D /* Main.storyboard in Resources */,
			);
			runOnlyForDeploymentPostprocessing = 0;
		};
/* End PBXResourcesBuildPhase section */

/* Begin PBXSourcesBuildPhase section */
		CA1BA952284042C8001E112D /* Sources */ = {
			isa = PBXSourcesBuildPhase;
			buildActionMask = 2147483647;
			files = (
				CACC94EF2844851C000590FB /* MeditateViewController.swift in Sources */,
				DBB76A9D284717AD007DBA06 /* CalendarCell.swift in Sources */,
				CACC94ED284484DE000590FB /* MoodViewController.swift in Sources */,
				CA1BA95A284042C8001E112D /* AppDelegate.swift in Sources */,
				7C3327D2284CA50A00C74B3A /* MoodDetailedViewController.swift in Sources */,
				7C3327D6284D13A400C74B3A /* MoodEntryTableViewCell.swift in Sources */,
				7C3327C8284C81EB00C74B3A /* Mood.swift in Sources */,
				CACC94F128448557000590FB /* HistoryViewController.swift in Sources */,
				CA1BA95C284042C8001E112D /* SceneDelegate.swift in Sources */,
				DBB76A9F28471C96007DBA06 /* CalendarHelper.swift in Sources */,
				7C3327CE284C8D7600C74B3A /* UIColor.swift in Sources */,
				7C3327D8284D1E5200C74B3A /* DateString.swift in Sources */,
				DBB76AA12847A98C007DBA06 /* DayViewController.swift in Sources */,
				7C3327C6284C7D8100C74B3A /* MoodEntry.swift in Sources */,
				7C3327D0284C8E0300C74B3A /* UIImage.swift in Sources */,
			);
			runOnlyForDeploymentPostprocessing = 0;
		};
/* End PBXSourcesBuildPhase section */

/* Begin PBXVariantGroup section */
		CA1BA95F284042C8001E112D /* Main.storyboard */ = {
			isa = PBXVariantGroup;
			children = (
				CA1BA960284042C8001E112D /* Base */,
			);
			name = Main.storyboard;
			sourceTree = "<group>";
		};
		CA1BA964284042CD001E112D /* LaunchScreen.storyboard */ = {
			isa = PBXVariantGroup;
			children = (
				CA1BA965284042CD001E112D /* Base */,
			);
			name = LaunchScreen.storyboard;
			sourceTree = "<group>";
		};
/* End PBXVariantGroup section */

/* Begin XCBuildConfiguration section */
		CA1BA968284042CD001E112D /* Debug */ = {
			isa = XCBuildConfiguration;
			buildSettings = {
				ALWAYS_SEARCH_USER_PATHS = NO;
				CLANG_ANALYZER_NONNULL = YES;
				CLANG_ANALYZER_NUMBER_OBJECT_CONVERSION = YES_AGGRESSIVE;
				CLANG_CXX_LANGUAGE_STANDARD = "gnu++17";
				CLANG_ENABLE_MODULES = YES;
				CLANG_ENABLE_OBJC_ARC = YES;
				CLANG_ENABLE_OBJC_WEAK = YES;
				CLANG_WARN_BLOCK_CAPTURE_AUTORELEASING = YES;
				CLANG_WARN_BOOL_CONVERSION = YES;
				CLANG_WARN_COMMA = YES;
				CLANG_WARN_CONSTANT_CONVERSION = YES;
				CLANG_WARN_DEPRECATED_OBJC_IMPLEMENTATIONS = YES;
				CLANG_WARN_DIRECT_OBJC_ISA_USAGE = YES_ERROR;
				CLANG_WARN_DOCUMENTATION_COMMENTS = YES;
				CLANG_WARN_EMPTY_BODY = YES;
				CLANG_WARN_ENUM_CONVERSION = YES;
				CLANG_WARN_INFINITE_RECURSION = YES;
				CLANG_WARN_INT_CONVERSION = YES;
				CLANG_WARN_NON_LITERAL_NULL_CONVERSION = YES;
				CLANG_WARN_OBJC_IMPLICIT_RETAIN_SELF = YES;
				CLANG_WARN_OBJC_LITERAL_CONVERSION = YES;
				CLANG_WARN_OBJC_ROOT_CLASS = YES_ERROR;
				CLANG_WARN_QUOTED_INCLUDE_IN_FRAMEWORK_HEADER = YES;
				CLANG_WARN_RANGE_LOOP_ANALYSIS = YES;
				CLANG_WARN_STRICT_PROTOTYPES = YES;
				CLANG_WARN_SUSPICIOUS_MOVE = YES;
				CLANG_WARN_UNGUARDED_AVAILABILITY = YES_AGGRESSIVE;
				CLANG_WARN_UNREACHABLE_CODE = YES;
				CLANG_WARN__DUPLICATE_METHOD_MATCH = YES;
				COPY_PHASE_STRIP = NO;
				DEBUG_INFORMATION_FORMAT = dwarf;
				ENABLE_STRICT_OBJC_MSGSEND = YES;
				ENABLE_TESTABILITY = YES;
				GCC_C_LANGUAGE_STANDARD = gnu11;
				GCC_DYNAMIC_NO_PIC = NO;
				GCC_NO_COMMON_BLOCKS = YES;
				GCC_OPTIMIZATION_LEVEL = 0;
				GCC_PREPROCESSOR_DEFINITIONS = (
					"DEBUG=1",
					"$(inherited)",
				);
				GCC_WARN_64_TO_32_BIT_CONVERSION = YES;
				GCC_WARN_ABOUT_RETURN_TYPE = YES_ERROR;
				GCC_WARN_UNDECLARED_SELECTOR = YES;
				GCC_WARN_UNINITIALIZED_AUTOS = YES_AGGRESSIVE;
				GCC_WARN_UNUSED_FUNCTION = YES;
				GCC_WARN_UNUSED_VARIABLE = YES;
				IPHONEOS_DEPLOYMENT_TARGET = 15.5;
				MTL_ENABLE_DEBUG_INFO = INCLUDE_SOURCE;
				MTL_FAST_MATH = YES;
				ONLY_ACTIVE_ARCH = YES;
				SDKROOT = iphoneos;
				SWIFT_ACTIVE_COMPILATION_CONDITIONS = DEBUG;
				SWIFT_OPTIMIZATION_LEVEL = "-Onone";
			};
			name = Debug;
		};
		CA1BA969284042CD001E112D /* Release */ = {
			isa = XCBuildConfiguration;
			buildSettings = {
				ALWAYS_SEARCH_USER_PATHS = NO;
				CLANG_ANALYZER_NONNULL = YES;
				CLANG_ANALYZER_NUMBER_OBJECT_CONVERSION = YES_AGGRESSIVE;
				CLANG_CXX_LANGUAGE_STANDARD = "gnu++17";
				CLANG_ENABLE_MODULES = YES;
				CLANG_ENABLE_OBJC_ARC = YES;
				CLANG_ENABLE_OBJC_WEAK = YES;
				CLANG_WARN_BLOCK_CAPTURE_AUTORELEASING = YES;
				CLANG_WARN_BOOL_CONVERSION = YES;
				CLANG_WARN_COMMA = YES;
				CLANG_WARN_CONSTANT_CONVERSION = YES;
				CLANG_WARN_DEPRECATED_OBJC_IMPLEMENTATIONS = YES;
				CLANG_WARN_DIRECT_OBJC_ISA_USAGE = YES_ERROR;
				CLANG_WARN_DOCUMENTATION_COMMENTS = YES;
				CLANG_WARN_EMPTY_BODY = YES;
				CLANG_WARN_ENUM_CONVERSION = YES;
				CLANG_WARN_INFINITE_RECURSION = YES;
				CLANG_WARN_INT_CONVERSION = YES;
				CLANG_WARN_NON_LITERAL_NULL_CONVERSION = YES;
				CLANG_WARN_OBJC_IMPLICIT_RETAIN_SELF = YES;
				CLANG_WARN_OBJC_LITERAL_CONVERSION = YES;
				CLANG_WARN_OBJC_ROOT_CLASS = YES_ERROR;
				CLANG_WARN_QUOTED_INCLUDE_IN_FRAMEWORK_HEADER = YES;
				CLANG_WARN_RANGE_LOOP_ANALYSIS = YES;
				CLANG_WARN_STRICT_PROTOTYPES = YES;
				CLANG_WARN_SUSPICIOUS_MOVE = YES;
				CLANG_WARN_UNGUARDED_AVAILABILITY = YES_AGGRESSIVE;
				CLANG_WARN_UNREACHABLE_CODE = YES;
				CLANG_WARN__DUPLICATE_METHOD_MATCH = YES;
				COPY_PHASE_STRIP = NO;
				DEBUG_INFORMATION_FORMAT = "dwarf-with-dsym";
				ENABLE_NS_ASSERTIONS = NO;
				ENABLE_STRICT_OBJC_MSGSEND = YES;
				GCC_C_LANGUAGE_STANDARD = gnu11;
				GCC_NO_COMMON_BLOCKS = YES;
				GCC_WARN_64_TO_32_BIT_CONVERSION = YES;
				GCC_WARN_ABOUT_RETURN_TYPE = YES_ERROR;
				GCC_WARN_UNDECLARED_SELECTOR = YES;
				GCC_WARN_UNINITIALIZED_AUTOS = YES_AGGRESSIVE;
				GCC_WARN_UNUSED_FUNCTION = YES;
				GCC_WARN_UNUSED_VARIABLE = YES;
				IPHONEOS_DEPLOYMENT_TARGET = 15.5;
				MTL_ENABLE_DEBUG_INFO = NO;
				MTL_FAST_MATH = YES;
				SDKROOT = iphoneos;
				SWIFT_COMPILATION_MODE = wholemodule;
				SWIFT_OPTIMIZATION_LEVEL = "-O";
				VALIDATE_PRODUCT = YES;
			};
			name = Release;
		};
		CA1BA96B284042CD001E112D /* Debug */ = {
			isa = XCBuildConfiguration;
			buildSettings = {
				ASSETCATALOG_COMPILER_APPICON_NAME = AppIcon;
				ASSETCATALOG_COMPILER_GLOBAL_ACCENT_COLOR_NAME = AccentColor;
				CODE_SIGN_STYLE = Automatic;
				CURRENT_PROJECT_VERSION = 1;
				GENERATE_INFOPLIST_FILE = YES;
				INFOPLIST_FILE = zoneApp/Info.plist;
				INFOPLIST_KEY_UIApplicationSupportsIndirectInputEvents = YES;
				INFOPLIST_KEY_UILaunchStoryboardName = LaunchScreen;
				INFOPLIST_KEY_UIMainStoryboardFile = Main;
				INFOPLIST_KEY_UISupportedInterfaceOrientations_iPad = "UIInterfaceOrientationPortrait UIInterfaceOrientationPortraitUpsideDown UIInterfaceOrientationLandscapeLeft UIInterfaceOrientationLandscapeRight";
				INFOPLIST_KEY_UISupportedInterfaceOrientations_iPhone = "UIInterfaceOrientationPortrait UIInterfaceOrientationLandscapeLeft UIInterfaceOrientationLandscapeRight";
				IPHONEOS_DEPLOYMENT_TARGET = 15.4;
				LD_RUNPATH_SEARCH_PATHS = (
					"$(inherited)",
					"@executable_path/Frameworks",
				);
				MARKETING_VERSION = 1.0;
				PRODUCT_BUNDLE_IDENTIFIER = "Isabelle-Donsbach.zoneApp";
				PRODUCT_NAME = "$(TARGET_NAME)";
				SWIFT_EMIT_LOC_STRINGS = YES;
				SWIFT_VERSION = 5.0;
				TARGETED_DEVICE_FAMILY = "1,2";
			};
			name = Debug;
		};
		CA1BA96C284042CD001E112D /* Release */ = {
			isa = XCBuildConfiguration;
			buildSettings = {
				ASSETCATALOG_COMPILER_APPICON_NAME = AppIcon;
				ASSETCATALOG_COMPILER_GLOBAL_ACCENT_COLOR_NAME = AccentColor;
				CODE_SIGN_STYLE = Automatic;
				CURRENT_PROJECT_VERSION = 1;
				GENERATE_INFOPLIST_FILE = YES;
				INFOPLIST_FILE = zoneApp/Info.plist;
				INFOPLIST_KEY_UIApplicationSupportsIndirectInputEvents = YES;
				INFOPLIST_KEY_UILaunchStoryboardName = LaunchScreen;
				INFOPLIST_KEY_UIMainStoryboardFile = Main;
				INFOPLIST_KEY_UISupportedInterfaceOrientations_iPad = "UIInterfaceOrientationPortrait UIInterfaceOrientationPortraitUpsideDown UIInterfaceOrientationLandscapeLeft UIInterfaceOrientationLandscapeRight";
				INFOPLIST_KEY_UISupportedInterfaceOrientations_iPhone = "UIInterfaceOrientationPortrait UIInterfaceOrientationLandscapeLeft UIInterfaceOrientationLandscapeRight";
				IPHONEOS_DEPLOYMENT_TARGET = 15.4;
				LD_RUNPATH_SEARCH_PATHS = (
					"$(inherited)",
					"@executable_path/Frameworks",
				);
				MARKETING_VERSION = 1.0;
				PRODUCT_BUNDLE_IDENTIFIER = "Isabelle-Donsbach.zoneApp";
				PRODUCT_NAME = "$(TARGET_NAME)";
				SWIFT_EMIT_LOC_STRINGS = YES;
				SWIFT_VERSION = 5.0;
				TARGETED_DEVICE_FAMILY = "1,2";
			};
			name = Release;
		};
/* End XCBuildConfiguration section */

/* Begin XCConfigurationList section */
		CA1BA951284042C8001E112D /* Build configuration list for PBXProject "zoneApp" */ = {
			isa = XCConfigurationList;
			buildConfigurations = (
				CA1BA968284042CD001E112D /* Debug */,
				CA1BA969284042CD001E112D /* Release */,
			);
			defaultConfigurationIsVisible = 0;
			defaultConfigurationName = Release;
		};
		CA1BA96A284042CD001E112D /* Build configuration list for PBXNativeTarget "zoneApp" */ = {
			isa = XCConfigurationList;
			buildConfigurations = (
				CA1BA96B284042CD001E112D /* Debug */,
				CA1BA96C284042CD001E112D /* Release */,
			);
			defaultConfigurationIsVisible = 0;
			defaultConfigurationName = Release;
		};
/* End XCConfigurationList section */
	};
	rootObject = CA1BA94E284042C8001E112D /* Project object */;
}
